
Microsoft Visual Studio Solution File, Format Version 12.00
# Visual Studio Version 17
VisualStudioVersion = 17.1.32228.430
MinimumVisualStudioVersion = 10.0.40219.1
Project("{FAE04EC0-301F-11D3-BF4B-00C04F79EFBC}") = "LivrotecTCC", "LivrotecTCC\LivrotecTCC.csproj", "{0DA4B84E-3505-42F3-866E-26F6FCD29AC5}"
EndProject
Project("{FAE04EC0-301F-11D3-BF4B-00C04F79EFBC}") = "GerenciadorBancoDeDados", "GerenciadorBancoDeDados\GerenciadorBancoDeDados.csproj", "{B7D6AFEE-5CF7-4CF0-BA4A-79DE58AC610D}"
EndProject
Global
	GlobalSection(SolutionConfigurationPlatforms) = preSolution
		Debug|Any CPU = Debug|Any CPU
		Release|Any CPU = Release|Any CPU
	EndGlobalSection
	GlobalSection(ProjectConfigurationPlatforms) = postSolution
		{0DA4B84E-3505-42F3-866E-26F6FCD29AC5}.Debug|Any CPU.ActiveCfg = Debug|Any CPU
		{0DA4B84E-3505-42F3-866E-26F6FCD29AC5}.Debug|Any CPU.Build.0 = Debug|Any CPU
		{0DA4B84E-3505-42F3-866E-26F6FCD29AC5}.Release|Any CPU.ActiveCfg = Release|Any CPU
		{0DA4B84E-3505-42F3-866E-26F6FCD29AC5}.Release|Any CPU.Build.0 = Release|Any CPU
		{B7D6AFEE-5CF7-4CF0-BA4A-79DE58AC610D}.Debug|Any CPU.ActiveCfg = Debug|Any CPU
		{B7D6AFEE-5CF7-4CF0-BA4A-79DE58AC610D}.Debug|Any CPU.Build.0 = Debug|Any CPU
		{B7D6AFEE-5CF7-4CF0-BA4A-79DE58AC610D}.Release|Any CPU.ActiveCfg = Release|Any CPU
		{B7D6AFEE-5CF7-4CF0-BA4A-79DE58AC610D}.Release|Any CPU.Build.0 = Release|Any CPU
	EndGlobalSection
	GlobalSection(SolutionProperties) = preSolution
		HideSolutionNode = FALSE
	EndGlobalSection
	GlobalSection(ExtensibilityGlobals) = postSolution
		SolutionGuid = {AE27F9CA-8822-49C8-B6AB-CC069BA892B6}
	EndGlobalSection
EndGlobal
